
Microsoft Visual Studio Solution File, Format Version 12.00
# Visual Studio Version 17
VisualStudioVersion = 17.6.33723.286
MinimumVisualStudioVersion = 10.0.40219.1
Project("{FAE04EC0-301F-11D3-BF4B-00C04F79EFBC}") = "TCGLiveBinaryExtractor", "TCGLiveBinaryExtractor\TCGLiveBinaryExtractor.csproj", "{C76A3D99-79B4-430C-B35D-6C5C8D4E0D4A}"
EndProject
Global
	GlobalSection(SolutionConfigurationPlatforms) = preSolution
		Debug|Any CPU = Debug|Any CPU
		Release|Any CPU = Release|Any CPU
	EndGlobalSection
	GlobalSection(ProjectConfigurationPlatforms) = postSolution
		{C76A3D99-79B4-430C-B35D-6C5C8D4E0D4A}.Debug|Any CPU.ActiveCfg = Debug|Any CPU
		{C76A3D99-79B4-430C-B35D-6C5C8D4E0D4A}.Debug|Any CPU.Build.0 = Debug|Any CPU
		{C76A3D99-79B4-430C-B35D-6C5C8D4E0D4A}.Release|Any CPU.ActiveCfg = Release|Any CPU
		{C76A3D99-79B4-430C-B35D-6C5C8D4E0D4A}.Release|Any CPU.Build.0 = Release|Any CPU
	EndGlobalSection
	GlobalSection(SolutionProperties) = preSolution
		HideSolutionNode = FALSE
	EndGlobalSection
	GlobalSection(ExtensibilityGlobals) = postSolution
		SolutionGuid = {86E65321-122C-4EE6-9DF7-A5595CC370D1}
	EndGlobalSection
EndGlobal
